
Microsoft Visual Studio Solution File, Format Version 12.00
Project("{FAE04EC0-301F-11D3-BF4B-00C04F79EFBC}") = "Modder", "Modder\Modder.csproj", "{6AAB6F78-498A-4EF1-A4F2-601F37DB2BC4}"
EndProject
Project("{FAE04EC0-301F-11D3-BF4B-00C04F79EFBC}") = "Mod.Example", "Mod.Example\Mod.Example.csproj", "{66EBAD48-D6BA-42E2-823D-0AD865AB2592}"
EndProject
Global
	GlobalSection(SolutionConfigurationPlatforms) = preSolution
		Debug|Any CPU = Debug|Any CPU
		Release|Any CPU = Release|Any CPU
	EndGlobalSection
	GlobalSection(ProjectConfigurationPlatforms) = postSolution
		{6AAB6F78-498A-4EF1-A4F2-601F37DB2BC4}.Debug|Any CPU.ActiveCfg = Debug|Any CPU
		{6AAB6F78-498A-4EF1-A4F2-601F37DB2BC4}.Debug|Any CPU.Build.0 = Debug|Any CPU
		{6AAB6F78-498A-4EF1-A4F2-601F37DB2BC4}.Release|Any CPU.ActiveCfg = Release|Any CPU
		{6AAB6F78-498A-4EF1-A4F2-601F37DB2BC4}.Release|Any CPU.Build.0 = Release|Any CPU
		{66EBAD48-D6BA-42E2-823D-0AD865AB2592}.Debug|Any CPU.ActiveCfg = Debug|Any CPU
		{66EBAD48-D6BA-42E2-823D-0AD865AB2592}.Debug|Any CPU.Build.0 = Debug|Any CPU
		{66EBAD48-D6BA-42E2-823D-0AD865AB2592}.Release|Any CPU.ActiveCfg = Release|Any CPU
		{66EBAD48-D6BA-42E2-823D-0AD865AB2592}.Release|Any CPU.Build.0 = Release|Any CPU
	EndGlobalSection
EndGlobal
